// !$*UTF8*$!
{
	archiveVersion = 1;
	classes = {
	};
	objectVersion = 50;
	objects = {

/* Begin PBXBuildFile section */
		711F22F523A8948400F24C53 /* WindowStateData.swift in Sources */ = {isa = PBXBuildFile; fileRef = 711F22F423A8948400F24C53 /* WindowStateData.swift */; };
		712C213423A1B6440086362A /* ComputerHistoryRow.swift in Sources */ = {isa = PBXBuildFile; fileRef = 712C213323A1B6440086362A /* ComputerHistoryRow.swift */; };
		712C213623A1B6510086362A /* ComputerHistoryList.swift in Sources */ = {isa = PBXBuildFile; fileRef = 712C213523A1B6510086362A /* ComputerHistoryList.swift */; };
		7141601C23A5B0BC005C9682 /* ComputerHistoryCombine.swift in Sources */ = {isa = PBXBuildFile; fileRef = 7141601B23A5B0BC005C9682 /* ComputerHistoryCombine.swift */; };
		7141602023A6AD7D005C9682 /* DirPickerData.swift in Sources */ = {isa = PBXBuildFile; fileRef = 7141601F23A6AD7D005C9682 /* DirPickerData.swift */; };
		715FF7A8239D6B9D000AE967 /* URLRequestExtension.swift in Sources */ = {isa = PBXBuildFile; fileRef = 715FF7A7239D6B9D000AE967 /* URLRequestExtension.swift */; };
		715FF7B0239DA33F000AE967 /* LoginView.swift in Sources */ = {isa = PBXBuildFile; fileRef = 715FF7AF239DA33F000AE967 /* LoginView.swift */; };
		716A61AA239A0E080071EDB6 /* CoreData.xcdatamodeld in Sources */ = {isa = PBXBuildFile; fileRef = 716A61A8239A0E080071EDB6 /* CoreData.xcdatamodeld */; };
		716A61AC239A12180071EDB6 /* UAPIEnpoints.swift in Sources */ = {isa = PBXBuildFile; fileRef = 716A61AB239A12180071EDB6 /* UAPIEnpoints.swift */; };
		716A61AE239A132C0071EDB6 /* CAPIEndpoints.swift in Sources */ = {isa = PBXBuildFile; fileRef = 716A61AD239A132C0071EDB6 /* CAPIEndpoints.swift */; };
		716A61B0239B13180071EDB6 /* IdentifierType.swift in Sources */ = {isa = PBXBuildFile; fileRef = 716A61AF239B13180071EDB6 /* IdentifierType.swift */; };
		716A61B2239B17360071EDB6 /* JamfAPIAccess.swift in Sources */ = {isa = PBXBuildFile; fileRef = 716A61B1239B17360071EDB6 /* JamfAPIAccess.swift */; };
		716A61B5239B4D100071EDB6 /* AdvancedComputerSearchModel.swift in Sources */ = {isa = PBXBuildFile; fileRef = 716A61B4239B4D100071EDB6 /* AdvancedComputerSearchModel.swift */; };
		716A61B7239BD6E40071EDB6 /* SerializationError.swift in Sources */ = {isa = PBXBuildFile; fileRef = 716A61B6239BD6E40071EDB6 /* SerializationError.swift */; };
		716A61B9239BD6F90071EDB6 /* SearchResult.swift in Sources */ = {isa = PBXBuildFile; fileRef = 716A61B8239BD6F90071EDB6 /* SearchResult.swift */; };
		716A61BB239BD7DA0071EDB6 /* Computer.swift in Sources */ = {isa = PBXBuildFile; fileRef = 716A61BA239BD7DA0071EDB6 /* Computer.swift */; };
		716A61BD239BFA0F0071EDB6 /* URLSessionExtension.swift in Sources */ = {isa = PBXBuildFile; fileRef = 716A61BC239BFA0F0071EDB6 /* URLSessionExtension.swift */; };
		716A61BF239C46060071EDB6 /* ComputerHistory.swift in Sources */ = {isa = PBXBuildFile; fileRef = 716A61BE239C46060071EDB6 /* ComputerHistory.swift */; };
		716A61C3239C4D7E0071EDB6 /* CompHistoryLogs.swift in Sources */ = {isa = PBXBuildFile; fileRef = 716A61C2239C4D7E0071EDB6 /* CompHistoryLogs.swift */; };
		717F70E723960914001760E4 /* AuthType.swift in Sources */ = {isa = PBXBuildFile; fileRef = 717F70E623960914001760E4 /* AuthType.swift */; };
		717F70EC23961263001760E4 /* DateExtension.swift in Sources */ = {isa = PBXBuildFile; fileRef = 717F70EB23961263001760E4 /* DateExtension.swift */; };
		717F70EE2396BEAF001760E4 /* TokenStatusType.swift in Sources */ = {isa = PBXBuildFile; fileRef = 717F70ED2396BEAF001760E4 /* TokenStatusType.swift */; };
		71AC318C23981094005923C3 /* TokenProvider.swift in Sources */ = {isa = PBXBuildFile; fileRef = 71AC318B23981094005923C3 /* TokenProvider.swift */; };
		71B377D9238B726A0061841F /* HTTPMethod.swift in Sources */ = {isa = PBXBuildFile; fileRef = 71B377D8238B726A0061841F /* HTTPMethod.swift */; };
		71B377DD238B72E00061841F /* APIDelegate.swift in Sources */ = {isa = PBXBuildFile; fileRef = 71B377DC238B72E00061841F /* APIDelegate.swift */; };
		71B377DF238B73510061841F /* SessionHandler.swift in Sources */ = {isa = PBXBuildFile; fileRef = 71B377DE238B73510061841F /* SessionHandler.swift */; };
		71B377E1238B753E0061841F /* StringExtension.swift in Sources */ = {isa = PBXBuildFile; fileRef = 71B377E0238B753E0061841F /* StringExtension.swift */; };
		71B64CFB238F25A700EF065C /* AnimationFunView.swift in Sources */ = {isa = PBXBuildFile; fileRef = 71B64CFA238F25A700EF065C /* AnimationFunView.swift */; };
		71B64CFD238F282F00EF065C /* badgeView.swift in Sources */ = {isa = PBXBuildFile; fileRef = 71B64CFC238F282F00EF065C /* badgeView.swift */; };
		71B64D02239015BE00EF065C /* ContentType.swift in Sources */ = {isa = PBXBuildFile; fileRef = 71B64D01239015BE00EF065C /* ContentType.swift */; };
		71B64D052391BE1300EF065C /* APITokenManager.swift in Sources */ = {isa = PBXBuildFile; fileRef = 71B64D042391BE1300EF065C /* APITokenManager.swift */; };
		71B64D092391D68200EF065C /* TokenData.swift in Sources */ = {isa = PBXBuildFile; fileRef = 71B64D082391D68200EF065C /* TokenData.swift */; };
		71B64D0D23949AB200EF065C /* TestView.swift in Sources */ = {isa = PBXBuildFile; fileRef = 71B64D0C23949AB200EF065C /* TestView.swift */; };
		71B77554239F3BFA00E0CF1E /* JamfURL.swift in Sources */ = {isa = PBXBuildFile; fileRef = 71B77553239F3BFA00E0CF1E /* JamfURL.swift */; };
		71B77558239F442B00E0CF1E /* DirPickerView.swift in Sources */ = {isa = PBXBuildFile; fileRef = 71B77557239F442B00E0CF1E /* DirPickerView.swift */; };
		71B7755A239F59C800E0CF1E /* FileWriter.swift in Sources */ = {isa = PBXBuildFile; fileRef = 71B77559239F59C800E0CF1E /* FileWriter.swift */; };
		71CF113E2381F3B900D6B3C2 /* AppDelegate.swift in Sources */ = {isa = PBXBuildFile; fileRef = 71CF113D2381F3B900D6B3C2 /* AppDelegate.swift */; };
		71CF11422381F3BD00D6B3C2 /* Assets.xcassets in Resources */ = {isa = PBXBuildFile; fileRef = 71CF11412381F3BD00D6B3C2 /* Assets.xcassets */; };
		71CF11452381F3BD00D6B3C2 /* Preview Assets.xcassets in Resources */ = {isa = PBXBuildFile; fileRef = 71CF11442381F3BD00D6B3C2 /* Preview Assets.xcassets */; };
		71CF11482381F3BD00D6B3C2 /* Main.storyboard in Resources */ = {isa = PBXBuildFile; fileRef = 71CF11462381F3BD00D6B3C2 /* Main.storyboard */; };
		71CF11542381F3BD00D6B3C2 /* testProjTests.swift in Sources */ = {isa = PBXBuildFile; fileRef = 71CF11532381F3BD00D6B3C2 /* testProjTests.swift */; };
		71CF115F2381F3BD00D6B3C2 /* testProjUITests.swift in Sources */ = {isa = PBXBuildFile; fileRef = 71CF115E2381F3BD00D6B3C2 /* testProjUITests.swift */; };
		71CF116E2383717D00D6B3C2 /* SwiftUIView.swift in Sources */ = {isa = PBXBuildFile; fileRef = 71CF116D2383717D00D6B3C2 /* SwiftUIView.swift */; };
		71EE22C9239EA0E60018ADE3 /* HistoryReportView.swift in Sources */ = {isa = PBXBuildFile; fileRef = 71EE22C8239EA0E60018ADE3 /* HistoryReportView.swift */; };
		71FD4ECB2399592200A35F87 /* ArrayExtension.swift in Sources */ = {isa = PBXBuildFile; fileRef = 71FD4ECA2399592200A35F87 /* ArrayExtension.swift */; };
/* End PBXBuildFile section */

/* Begin PBXContainerItemProxy section */
		71CF11502381F3BD00D6B3C2 /* PBXContainerItemProxy */ = {
			isa = PBXContainerItemProxy;
			containerPortal = 71CF11322381F3B900D6B3C2 /* Project object */;
			proxyType = 1;
			remoteGlobalIDString = 71CF11392381F3B900D6B3C2;
			remoteInfo = testProj;
		};
		71CF115B2381F3BD00D6B3C2 /* PBXContainerItemProxy */ = {
			isa = PBXContainerItemProxy;
			containerPortal = 71CF11322381F3B900D6B3C2 /* Project object */;
			proxyType = 1;
			remoteGlobalIDString = 71CF11392381F3B900D6B3C2;
			remoteInfo = testProj;
		};
/* End PBXContainerItemProxy section */

/* Begin PBXFileReference section */
		711F22F423A8948400F24C53 /* WindowStateData.swift */ = {isa = PBXFileReference; lastKnownFileType = sourcecode.swift; path = WindowStateData.swift; sourceTree = "<group>"; };
		712C213323A1B6440086362A /* ComputerHistoryRow.swift */ = {isa = PBXFileReference; lastKnownFileType = sourcecode.swift; path = ComputerHistoryRow.swift; sourceTree = "<group>"; };
		712C213523A1B6510086362A /* ComputerHistoryList.swift */ = {isa = PBXFileReference; lastKnownFileType = sourcecode.swift; path = ComputerHistoryList.swift; sourceTree = "<group>"; };
		7141601B23A5B0BC005C9682 /* ComputerHistoryCombine.swift */ = {isa = PBXFileReference; lastKnownFileType = sourcecode.swift; path = ComputerHistoryCombine.swift; sourceTree = "<group>"; };
		7141601F23A6AD7D005C9682 /* DirPickerData.swift */ = {isa = PBXFileReference; lastKnownFileType = sourcecode.swift; path = DirPickerData.swift; sourceTree = "<group>"; };
		715FF7A7239D6B9D000AE967 /* URLRequestExtension.swift */ = {isa = PBXFileReference; lastKnownFileType = sourcecode.swift; path = URLRequestExtension.swift; sourceTree = "<group>"; };
		715FF7AF239DA33F000AE967 /* LoginView.swift */ = {isa = PBXFileReference; lastKnownFileType = sourcecode.swift; path = LoginView.swift; sourceTree = "<group>"; };
		716A61A9239A0E080071EDB6 /* EndpointData.xcdatamodel */ = {isa = PBXFileReference; lastKnownFileType = wrapper.xcdatamodel; path = EndpointData.xcdatamodel; sourceTree = "<group>"; };
		716A61AB239A12180071EDB6 /* UAPIEnpoints.swift */ = {isa = PBXFileReference; lastKnownFileType = sourcecode.swift; path = UAPIEnpoints.swift; sourceTree = "<group>"; };
		716A61AD239A132C0071EDB6 /* CAPIEndpoints.swift */ = {isa = PBXFileReference; lastKnownFileType = sourcecode.swift; path = CAPIEndpoints.swift; sourceTree = "<group>"; };
		716A61AF239B13180071EDB6 /* IdentifierType.swift */ = {isa = PBXFileReference; lastKnownFileType = sourcecode.swift; path = IdentifierType.swift; sourceTree = "<group>"; };
		716A61B1239B17360071EDB6 /* JamfAPIAccess.swift */ = {isa = PBXFileReference; lastKnownFileType = sourcecode.swift; path = JamfAPIAccess.swift; sourceTree = "<group>"; };
		716A61B4239B4D100071EDB6 /* AdvancedComputerSearchModel.swift */ = {isa = PBXFileReference; lastKnownFileType = sourcecode.swift; path = AdvancedComputerSearchModel.swift; sourceTree = "<group>"; };
		716A61B6239BD6E40071EDB6 /* SerializationError.swift */ = {isa = PBXFileReference; lastKnownFileType = sourcecode.swift; path = SerializationError.swift; sourceTree = "<group>"; };
		716A61B8239BD6F90071EDB6 /* SearchResult.swift */ = {isa = PBXFileReference; lastKnownFileType = sourcecode.swift; path = SearchResult.swift; sourceTree = "<group>"; };
		716A61BA239BD7DA0071EDB6 /* Computer.swift */ = {isa = PBXFileReference; lastKnownFileType = sourcecode.swift; path = Computer.swift; sourceTree = "<group>"; };
		716A61BC239BFA0F0071EDB6 /* URLSessionExtension.swift */ = {isa = PBXFileReference; lastKnownFileType = sourcecode.swift; path = URLSessionExtension.swift; sourceTree = "<group>"; };
		716A61BE239C46060071EDB6 /* ComputerHistory.swift */ = {isa = PBXFileReference; lastKnownFileType = sourcecode.swift; path = ComputerHistory.swift; sourceTree = "<group>"; };
		716A61C2239C4D7E0071EDB6 /* CompHistoryLogs.swift */ = {isa = PBXFileReference; lastKnownFileType = sourcecode.swift; path = CompHistoryLogs.swift; sourceTree = "<group>"; };
		717F70E623960914001760E4 /* AuthType.swift */ = {isa = PBXFileReference; lastKnownFileType = sourcecode.swift; path = AuthType.swift; sourceTree = "<group>"; };
		717F70EB23961263001760E4 /* DateExtension.swift */ = {isa = PBXFileReference; lastKnownFileType = sourcecode.swift; path = DateExtension.swift; sourceTree = "<group>"; };
		717F70ED2396BEAF001760E4 /* TokenStatusType.swift */ = {isa = PBXFileReference; lastKnownFileType = sourcecode.swift; path = TokenStatusType.swift; sourceTree = "<group>"; };
		71AC318B23981094005923C3 /* TokenProvider.swift */ = {isa = PBXFileReference; lastKnownFileType = sourcecode.swift; path = TokenProvider.swift; sourceTree = "<group>"; };
		71B377D8238B726A0061841F /* HTTPMethod.swift */ = {isa = PBXFileReference; lastKnownFileType = sourcecode.swift; path = HTTPMethod.swift; sourceTree = "<group>"; };
		71B377DC238B72E00061841F /* APIDelegate.swift */ = {isa = PBXFileReference; lastKnownFileType = sourcecode.swift; path = APIDelegate.swift; sourceTree = "<group>"; };
		71B377DE238B73510061841F /* SessionHandler.swift */ = {isa = PBXFileReference; lastKnownFileType = sourcecode.swift; path = SessionHandler.swift; sourceTree = "<group>"; };
		71B377E0238B753E0061841F /* StringExtension.swift */ = {isa = PBXFileReference; lastKnownFileType = sourcecode.swift; path = StringExtension.swift; sourceTree = "<group>"; };
		71B64CFA238F25A700EF065C /* AnimationFunView.swift */ = {isa = PBXFileReference; lastKnownFileType = sourcecode.swift; path = AnimationFunView.swift; sourceTree = "<group>"; };
		71B64CFC238F282F00EF065C /* badgeView.swift */ = {isa = PBXFileReference; lastKnownFileType = sourcecode.swift; path = badgeView.swift; sourceTree = "<group>"; };
		71B64D01239015BE00EF065C /* ContentType.swift */ = {isa = PBXFileReference; lastKnownFileType = sourcecode.swift; path = ContentType.swift; sourceTree = "<group>"; };
		71B64D042391BE1300EF065C /* APITokenManager.swift */ = {isa = PBXFileReference; lastKnownFileType = sourcecode.swift; path = APITokenManager.swift; sourceTree = "<group>"; };
		71B64D082391D68200EF065C /* TokenData.swift */ = {isa = PBXFileReference; lastKnownFileType = sourcecode.swift; path = TokenData.swift; sourceTree = "<group>"; };
		71B64D0C23949AB200EF065C /* TestView.swift */ = {isa = PBXFileReference; lastKnownFileType = sourcecode.swift; path = TestView.swift; sourceTree = "<group>"; };
		71B77553239F3BFA00E0CF1E /* JamfURL.swift */ = {isa = PBXFileReference; fileEncoding = 4; lastKnownFileType = sourcecode.swift; path = JamfURL.swift; sourceTree = "<group>"; };
		71B77557239F442B00E0CF1E /* DirPickerView.swift */ = {isa = PBXFileReference; lastKnownFileType = sourcecode.swift; path = DirPickerView.swift; sourceTree = "<group>"; };
		71B77559239F59C800E0CF1E /* FileWriter.swift */ = {isa = PBXFileReference; lastKnownFileType = sourcecode.swift; path = FileWriter.swift; sourceTree = "<group>"; };
		71CF113A2381F3B900D6B3C2 /* testProj.app */ = {isa = PBXFileReference; explicitFileType = wrapper.application; includeInIndex = 0; path = testProj.app; sourceTree = BUILT_PRODUCTS_DIR; };
		71CF113D2381F3B900D6B3C2 /* AppDelegate.swift */ = {isa = PBXFileReference; lastKnownFileType = sourcecode.swift; path = AppDelegate.swift; sourceTree = "<group>"; };
		71CF11412381F3BD00D6B3C2 /* Assets.xcassets */ = {isa = PBXFileReference; lastKnownFileType = folder.assetcatalog; path = Assets.xcassets; sourceTree = "<group>"; };
		71CF11442381F3BD00D6B3C2 /* Preview Assets.xcassets */ = {isa = PBXFileReference; lastKnownFileType = folder.assetcatalog; path = "Preview Assets.xcassets"; sourceTree = "<group>"; };
		71CF11472381F3BD00D6B3C2 /* Base */ = {isa = PBXFileReference; lastKnownFileType = file.storyboard; name = Base; path = Base.lproj/Main.storyboard; sourceTree = "<group>"; };
		71CF11492381F3BD00D6B3C2 /* Info.plist */ = {isa = PBXFileReference; lastKnownFileType = text.plist.xml; path = Info.plist; sourceTree = "<group>"; };
		71CF114A2381F3BD00D6B3C2 /* testProj.entitlements */ = {isa = PBXFileReference; lastKnownFileType = text.plist.entitlements; path = testProj.entitlements; sourceTree = "<group>"; };
		71CF114F2381F3BD00D6B3C2 /* testProjTests.xctest */ = {isa = PBXFileReference; explicitFileType = wrapper.cfbundle; includeInIndex = 0; path = testProjTests.xctest; sourceTree = BUILT_PRODUCTS_DIR; };
		71CF11532381F3BD00D6B3C2 /* testProjTests.swift */ = {isa = PBXFileReference; lastKnownFileType = sourcecode.swift; path = testProjTests.swift; sourceTree = "<group>"; };
		71CF11552381F3BD00D6B3C2 /* Info.plist */ = {isa = PBXFileReference; lastKnownFileType = text.plist.xml; path = Info.plist; sourceTree = "<group>"; };
		71CF115A2381F3BD00D6B3C2 /* testProjUITests.xctest */ = {isa = PBXFileReference; explicitFileType = wrapper.cfbundle; includeInIndex = 0; path = testProjUITests.xctest; sourceTree = BUILT_PRODUCTS_DIR; };
		71CF115E2381F3BD00D6B3C2 /* testProjUITests.swift */ = {isa = PBXFileReference; lastKnownFileType = sourcecode.swift; path = testProjUITests.swift; sourceTree = "<group>"; };
		71CF11602381F3BD00D6B3C2 /* Info.plist */ = {isa = PBXFileReference; lastKnownFileType = text.plist.xml; path = Info.plist; sourceTree = "<group>"; };
		71CF116D2383717D00D6B3C2 /* SwiftUIView.swift */ = {isa = PBXFileReference; lastKnownFileType = sourcecode.swift; path = SwiftUIView.swift; sourceTree = "<group>"; };
		71EE22C8239EA0E60018ADE3 /* HistoryReportView.swift */ = {isa = PBXFileReference; lastKnownFileType = sourcecode.swift; path = HistoryReportView.swift; sourceTree = "<group>"; };
		71FD4ECA2399592200A35F87 /* ArrayExtension.swift */ = {isa = PBXFileReference; lastKnownFileType = sourcecode.swift; path = ArrayExtension.swift; sourceTree = "<group>"; };
/* End PBXFileReference section */

/* Begin PBXFrameworksBuildPhase section */
		71CF11372381F3B900D6B3C2 /* Frameworks */ = {
			isa = PBXFrameworksBuildPhase;
			buildActionMask = 2147483647;
			files = (
			);
			runOnlyForDeploymentPostprocessing = 0;
		};
		71CF114C2381F3BD00D6B3C2 /* Frameworks */ = {
			isa = PBXFrameworksBuildPhase;
			buildActionMask = 2147483647;
			files = (
			);
			runOnlyForDeploymentPostprocessing = 0;
		};
		71CF11572381F3BD00D6B3C2 /* Frameworks */ = {
			isa = PBXFrameworksBuildPhase;
			buildActionMask = 2147483647;
			files = (
			);
			runOnlyForDeploymentPostprocessing = 0;
		};
/* End PBXFrameworksBuildPhase section */

/* Begin PBXGroup section */
		711F22F323A8947500F24C53 /* Data */ = {
			isa = PBXGroup;
			children = (
				711F22F423A8948400F24C53 /* WindowStateData.swift */,
			);
			path = Data;
			sourceTree = "<group>";
		};
		7141601423A4970A005C9682 /* HelperViews */ = {
			isa = PBXGroup;
			children = (
				71B77557239F442B00E0CF1E /* DirPickerView.swift */,
				712C213323A1B6440086362A /* ComputerHistoryRow.swift */,
				712C213523A1B6510086362A /* ComputerHistoryList.swift */,
				7141601F23A6AD7D005C9682 /* DirPickerData.swift */,
			);
			path = HelperViews;
			sourceTree = "<group>";
		};
		7141601823A5A8B4005C9682 /* Enums */ = {
			isa = PBXGroup;
			children = (
				716A61AB239A12180071EDB6 /* UAPIEnpoints.swift */,
				716A61AF239B13180071EDB6 /* IdentifierType.swift */,
				716A61AD239A132C0071EDB6 /* CAPIEndpoints.swift */,
			);
			path = Enums;
			sourceTree = "<group>";
		};
		7141601A23A5A9AF005C9682 /* Test */ = {
			isa = PBXGroup;
			children = (
				71B64CFE238F2C9A00EF065C /* AnimationFun */,
				71B64D0C23949AB200EF065C /* TestView.swift */,
			);
			path = Test;
			sourceTree = "<group>";
		};
		7141602323A7C4CD005C9682 /* Extensions */ = {
			isa = PBXGroup;
			children = (
			);
			path = Extensions;
			sourceTree = "<group>";
		};
		715FF7A9239D9E04000AE967 /* Enums */ = {
			isa = PBXGroup;
			children = (
				717F70E623960914001760E4 /* AuthType.swift */,
				71B64D01239015BE00EF065C /* ContentType.swift */,
				71B377D8238B726A0061841F /* HTTPMethod.swift */,
			);
			path = Enums;
			sourceTree = "<group>";
		};
		716A61B3239B303F0071EDB6 /* ObjectModels */ = {
			isa = PBXGroup;
			children = (
				7141602323A7C4CD005C9682 /* Extensions */,
				716A61B8239BD6F90071EDB6 /* SearchResult.swift */,
				716A61C0239C47380071EDB6 /* Computer */,
			);
			path = ObjectModels;
			sourceTree = "<group>";
		};
		716A61C0239C47380071EDB6 /* Computer */ = {
			isa = PBXGroup;
			children = (
				716A61B6239BD6E40071EDB6 /* SerializationError.swift */,
				716A61BA239BD7DA0071EDB6 /* Computer.swift */,
				716A61BE239C46060071EDB6 /* ComputerHistory.swift */,
				716A61B4239B4D100071EDB6 /* AdvancedComputerSearchModel.swift */,
				716A61C2239C4D7E0071EDB6 /* CompHistoryLogs.swift */,
			);
			path = Computer;
			sourceTree = "<group>";
		};
		717F70F9239707AB001760E4 /* Resources */ = {
			isa = PBXGroup;
			children = (
				716A61A8239A0E080071EDB6 /* CoreData.xcdatamodeld */,
			);
			path = Resources;
			sourceTree = "<group>";
		};
		71B377D7238B72590061841F /* APIAccess */ = {
			isa = PBXGroup;
			children = (
				715FF7A9239D9E04000AE967 /* Enums */,
				71FD4EC723989B9400A35F87 /* Extensions */,
				71FD4EC623989B8000A35F87 /* TokenHandler */,
				71B377DC238B72E00061841F /* APIDelegate.swift */,
				71B377DE238B73510061841F /* SessionHandler.swift */,
			);
			path = APIAccess;
			sourceTree = "<group>";
		};
		71B64CA7238EB6BA00EF065C /* Views */ = {
			isa = PBXGroup;
			children = (
				711F22F323A8947500F24C53 /* Data */,
				7141601A23A5A9AF005C9682 /* Test */,
				7141601423A4970A005C9682 /* HelperViews */,
				715FF7AF239DA33F000AE967 /* LoginView.swift */,
				71EE22C8239EA0E60018ADE3 /* HistoryReportView.swift */,
			);
			path = Views;
			sourceTree = "<group>";
		};
		71B64CB9238F0AED00EF065C /* JamfAPI */ = {
			isa = PBXGroup;
			children = (
				716A61B3239B303F0071EDB6 /* ObjectModels */,
				7141601823A5A8B4005C9682 /* Enums */,
				71B77553239F3BFA00E0CF1E /* JamfURL.swift */,
				716A61B1239B17360071EDB6 /* JamfAPIAccess.swift */,
				71B77559239F59C800E0CF1E /* FileWriter.swift */,
				7141601B23A5B0BC005C9682 /* ComputerHistoryCombine.swift */,
			);
			path = JamfAPI;
			sourceTree = "<group>";
		};
		71B64CFE238F2C9A00EF065C /* AnimationFun */ = {
			isa = PBXGroup;
			children = (
				71B64CFA238F25A700EF065C /* AnimationFunView.swift */,
				71B64CFC238F282F00EF065C /* badgeView.swift */,
			);
			path = AnimationFun;
			sourceTree = "<group>";
		};
		71CF11312381F3B900D6B3C2 = {
			isa = PBXGroup;
			children = (
				71CF113C2381F3B900D6B3C2 /* testProj */,
				71CF11522381F3BD00D6B3C2 /* testProjTests */,
				71CF115D2381F3BD00D6B3C2 /* testProjUITests */,
				71CF113B2381F3B900D6B3C2 /* Products */,
			);
			sourceTree = "<group>";
		};
		71CF113B2381F3B900D6B3C2 /* Products */ = {
			isa = PBXGroup;
			children = (
				71CF113A2381F3B900D6B3C2 /* testProj.app */,
				71CF114F2381F3BD00D6B3C2 /* testProjTests.xctest */,
				71CF115A2381F3BD00D6B3C2 /* testProjUITests.xctest */,
			);
			name = Products;
			sourceTree = "<group>";
		};
		71CF113C2381F3B900D6B3C2 /* testProj */ = {
			isa = PBXGroup;
			children = (
				717F70F9239707AB001760E4 /* Resources */,
				71B64CB9238F0AED00EF065C /* JamfAPI */,
				71B377D7238B72590061841F /* APIAccess */,
				71B64CA7238EB6BA00EF065C /* Views */,
				71CF116D2383717D00D6B3C2 /* SwiftUIView.swift */,
				71CF113D2381F3B900D6B3C2 /* AppDelegate.swift */,
				71CF11412381F3BD00D6B3C2 /* Assets.xcassets */,
				71CF11462381F3BD00D6B3C2 /* Main.storyboard */,
				71CF11492381F3BD00D6B3C2 /* Info.plist */,
				71CF114A2381F3BD00D6B3C2 /* testProj.entitlements */,
				71CF11432381F3BD00D6B3C2 /* Preview Content */,
			);
			path = testProj;
			sourceTree = "<group>";
		};
		71CF11432381F3BD00D6B3C2 /* Preview Content */ = {
			isa = PBXGroup;
			children = (
				71CF11442381F3BD00D6B3C2 /* Preview Assets.xcassets */,
			);
			path = "Preview Content";
			sourceTree = "<group>";
		};
		71CF11522381F3BD00D6B3C2 /* testProjTests */ = {
			isa = PBXGroup;
			children = (
				71CF11532381F3BD00D6B3C2 /* testProjTests.swift */,
				71CF11552381F3BD00D6B3C2 /* Info.plist */,
			);
			path = testProjTests;
			sourceTree = "<group>";
		};
		71CF115D2381F3BD00D6B3C2 /* testProjUITests */ = {
			isa = PBXGroup;
			children = (
				71CF115E2381F3BD00D6B3C2 /* testProjUITests.swift */,
				71CF11602381F3BD00D6B3C2 /* Info.plist */,
			);
			path = testProjUITests;
			sourceTree = "<group>";
		};
		71FD4EC623989B8000A35F87 /* TokenHandler */ = {
			isa = PBXGroup;
			children = (
				71AC318B23981094005923C3 /* TokenProvider.swift */,
				71B64D042391BE1300EF065C /* APITokenManager.swift */,
				717F70ED2396BEAF001760E4 /* TokenStatusType.swift */,
				71B64D082391D68200EF065C /* TokenData.swift */,
			);
			path = TokenHandler;
			sourceTree = "<group>";
		};
		71FD4EC723989B9400A35F87 /* Extensions */ = {
			isa = PBXGroup;
			children = (
				71B377E0238B753E0061841F /* StringExtension.swift */,
				717F70EB23961263001760E4 /* DateExtension.swift */,
				71FD4ECA2399592200A35F87 /* ArrayExtension.swift */,
				716A61BC239BFA0F0071EDB6 /* URLSessionExtension.swift */,
				715FF7A7239D6B9D000AE967 /* URLRequestExtension.swift */,
			);
			path = Extensions;
			sourceTree = "<group>";
		};
/* End PBXGroup section */

/* Begin PBXNativeTarget section */
		71CF11392381F3B900D6B3C2 /* testProj */ = {
			isa = PBXNativeTarget;
			buildConfigurationList = 71CF11632381F3BD00D6B3C2 /* Build configuration list for PBXNativeTarget "testProj" */;
			buildPhases = (
				71CF11362381F3B900D6B3C2 /* Sources */,
				71CF11372381F3B900D6B3C2 /* Frameworks */,
				71CF11382381F3B900D6B3C2 /* Resources */,
			);
			buildRules = (
			);
			dependencies = (
			);
			name = testProj;
			productName = testProj;
			productReference = 71CF113A2381F3B900D6B3C2 /* testProj.app */;
			productType = "com.apple.product-type.application";
		};
		71CF114E2381F3BD00D6B3C2 /* testProjTests */ = {
			isa = PBXNativeTarget;
			buildConfigurationList = 71CF11662381F3BD00D6B3C2 /* Build configuration list for PBXNativeTarget "testProjTests" */;
			buildPhases = (
				71CF114B2381F3BD00D6B3C2 /* Sources */,
				71CF114C2381F3BD00D6B3C2 /* Frameworks */,
				71CF114D2381F3BD00D6B3C2 /* Resources */,
			);
			buildRules = (
			);
			dependencies = (
				71CF11512381F3BD00D6B3C2 /* PBXTargetDependency */,
			);
			name = testProjTests;
			productName = testProjTests;
			productReference = 71CF114F2381F3BD00D6B3C2 /* testProjTests.xctest */;
			productType = "com.apple.product-type.bundle.unit-test";
		};
		71CF11592381F3BD00D6B3C2 /* testProjUITests */ = {
			isa = PBXNativeTarget;
			buildConfigurationList = 71CF11692381F3BD00D6B3C2 /* Build configuration list for PBXNativeTarget "testProjUITests" */;
			buildPhases = (
				71CF11562381F3BD00D6B3C2 /* Sources */,
				71CF11572381F3BD00D6B3C2 /* Frameworks */,
				71CF11582381F3BD00D6B3C2 /* Resources */,
			);
			buildRules = (
			);
			dependencies = (
				71CF115C2381F3BD00D6B3C2 /* PBXTargetDependency */,
			);
			name = testProjUITests;
			productName = testProjUITests;
			productReference = 71CF115A2381F3BD00D6B3C2 /* testProjUITests.xctest */;
			productType = "com.apple.product-type.bundle.ui-testing";
		};
/* End PBXNativeTarget section */

/* Begin PBXProject section */
		71CF11322381F3B900D6B3C2 /* Project object */ = {
			isa = PBXProject;
			attributes = {
				LastSwiftUpdateCheck = 1120;
				LastUpgradeCheck = 1120;
				ORGANIZATIONNAME = PIrklator;
				TargetAttributes = {
					71CF11392381F3B900D6B3C2 = {
						CreatedOnToolsVersion = 11.2.1;
					};
					71CF114E2381F3BD00D6B3C2 = {
						CreatedOnToolsVersion = 11.2.1;
						TestTargetID = 71CF11392381F3B900D6B3C2;
					};
					71CF11592381F3BD00D6B3C2 = {
						CreatedOnToolsVersion = 11.2.1;
						TestTargetID = 71CF11392381F3B900D6B3C2;
					};
				};
			};
			buildConfigurationList = 71CF11352381F3B900D6B3C2 /* Build configuration list for PBXProject "testProj" */;
			compatibilityVersion = "Xcode 9.3";
			developmentRegion = en;
			hasScannedForEncodings = 0;
			knownRegions = (
				en,
				Base,
			);
			mainGroup = 71CF11312381F3B900D6B3C2;
			productRefGroup = 71CF113B2381F3B900D6B3C2 /* Products */;
			projectDirPath = "";
			projectRoot = "";
			targets = (
				71CF11392381F3B900D6B3C2 /* testProj */,
				71CF114E2381F3BD00D6B3C2 /* testProjTests */,
				71CF11592381F3BD00D6B3C2 /* testProjUITests */,
			);
		};
/* End PBXProject section */

/* Begin PBXResourcesBuildPhase section */
		71CF11382381F3B900D6B3C2 /* Resources */ = {
			isa = PBXResourcesBuildPhase;
			buildActionMask = 2147483647;
			files = (
				71CF11482381F3BD00D6B3C2 /* Main.storyboard in Resources */,
				71CF11452381F3BD00D6B3C2 /* Preview Assets.xcassets in Resources */,
				71CF11422381F3BD00D6B3C2 /* Assets.xcassets in Resources */,
			);
			runOnlyForDeploymentPostprocessing = 0;
		};
		71CF114D2381F3BD00D6B3C2 /* Resources */ = {
			isa = PBXResourcesBuildPhase;
			buildActionMask = 2147483647;
			files = (
			);
			runOnlyForDeploymentPostprocessing = 0;
		};
		71CF11582381F3BD00D6B3C2 /* Resources */ = {
			isa = PBXResourcesBuildPhase;
			buildActionMask = 2147483647;
			files = (
			);
			runOnlyForDeploymentPostprocessing = 0;
		};
/* End PBXResourcesBuildPhase section */

/* Begin PBXSourcesBuildPhase section */
		71CF11362381F3B900D6B3C2 /* Sources */ = {
			isa = PBXSourcesBuildPhase;
			buildActionMask = 2147483647;
			files = (
				712C213423A1B6440086362A /* ComputerHistoryRow.swift in Sources */,
				71B64CFD238F282F00EF065C /* badgeView.swift in Sources */,
				716A61B7239BD6E40071EDB6 /* SerializationError.swift in Sources */,
				71B377D9238B726A0061841F /* HTTPMethod.swift in Sources */,
				716A61AC239A12180071EDB6 /* UAPIEnpoints.swift in Sources */,
				716A61C3239C4D7E0071EDB6 /* CompHistoryLogs.swift in Sources */,
				716A61AE239A132C0071EDB6 /* CAPIEndpoints.swift in Sources */,
				71B64D052391BE1300EF065C /* APITokenManager.swift in Sources */,
				71B377DD238B72E00061841F /* APIDelegate.swift in Sources */,
				71FD4ECB2399592200A35F87 /* ArrayExtension.swift in Sources */,
				717F70E723960914001760E4 /* AuthType.swift in Sources */,
				71CF113E2381F3B900D6B3C2 /* AppDelegate.swift in Sources */,
				716A61AA239A0E080071EDB6 /* CoreData.xcdatamodeld in Sources */,
				7141602023A6AD7D005C9682 /* DirPickerData.swift in Sources */,
				71B64D092391D68200EF065C /* TokenData.swift in Sources */,
				717F70EC23961263001760E4 /* DateExtension.swift in Sources */,
				716A61B0239B13180071EDB6 /* IdentifierType.swift in Sources */,
				712C213623A1B6510086362A /* ComputerHistoryList.swift in Sources */,
				716A61B9239BD6F90071EDB6 /* SearchResult.swift in Sources */,
				715FF7A8239D6B9D000AE967 /* URLRequestExtension.swift in Sources */,
				716A61BD239BFA0F0071EDB6 /* URLSessionExtension.swift in Sources */,
				715FF7B0239DA33F000AE967 /* LoginView.swift in Sources */,
				71B77558239F442B00E0CF1E /* DirPickerView.swift in Sources */,
				717F70EE2396BEAF001760E4 /* TokenStatusType.swift in Sources */,
				71B377DF238B73510061841F /* SessionHandler.swift in Sources */,
				716A61B5239B4D100071EDB6 /* AdvancedComputerSearchModel.swift in Sources */,
				71B377E1238B753E0061841F /* StringExtension.swift in Sources */,
				711F22F523A8948400F24C53 /* WindowStateData.swift in Sources */,
				7141601C23A5B0BC005C9682 /* ComputerHistoryCombine.swift in Sources */,
				716A61B2239B17360071EDB6 /* JamfAPIAccess.swift in Sources */,
				716A61BB239BD7DA0071EDB6 /* Computer.swift in Sources */,
				71B77554239F3BFA00E0CF1E /* JamfURL.swift in Sources */,
				71AC318C23981094005923C3 /* TokenProvider.swift in Sources */,
				716A61BF239C46060071EDB6 /* ComputerHistory.swift in Sources */,
				71B64D02239015BE00EF065C /* ContentType.swift in Sources */,
				71B64CFB238F25A700EF065C /* AnimationFunView.swift in Sources */,
				71B7755A239F59C800E0CF1E /* FileWriter.swift in Sources */,
				71CF116E2383717D00D6B3C2 /* SwiftUIView.swift in Sources */,
				71EE22C9239EA0E60018ADE3 /* HistoryReportView.swift in Sources */,
				71B64D0D23949AB200EF065C /* TestView.swift in Sources */,
			);
			runOnlyForDeploymentPostprocessing = 0;
		};
		71CF114B2381F3BD00D6B3C2 /* Sources */ = {
			isa = PBXSourcesBuildPhase;
			buildActionMask = 2147483647;
			files = (
				71CF11542381F3BD00D6B3C2 /* testProjTests.swift in Sources */,
			);
			runOnlyForDeploymentPostprocessing = 0;
		};
		71CF11562381F3BD00D6B3C2 /* Sources */ = {
			isa = PBXSourcesBuildPhase;
			buildActionMask = 2147483647;
			files = (
				71CF115F2381F3BD00D6B3C2 /* testProjUITests.swift in Sources */,
			);
			runOnlyForDeploymentPostprocessing = 0;
		};
/* End PBXSourcesBuildPhase section */

/* Begin PBXTargetDependency section */
		71CF11512381F3BD00D6B3C2 /* PBXTargetDependency */ = {
			isa = PBXTargetDependency;
			target = 71CF11392381F3B900D6B3C2 /* testProj */;
			targetProxy = 71CF11502381F3BD00D6B3C2 /* PBXContainerItemProxy */;
		};
		71CF115C2381F3BD00D6B3C2 /* PBXTargetDependency */ = {
			isa = PBXTargetDependency;
			target = 71CF11392381F3B900D6B3C2 /* testProj */;
			targetProxy = 71CF115B2381F3BD00D6B3C2 /* PBXContainerItemProxy */;
		};
/* End PBXTargetDependency section */

/* Begin PBXVariantGroup section */
		71CF11462381F3BD00D6B3C2 /* Main.storyboard */ = {
			isa = PBXVariantGroup;
			children = (
				71CF11472381F3BD00D6B3C2 /* Base */,
			);
			name = Main.storyboard;
			sourceTree = "<group>";
		};
/* End PBXVariantGroup section */

/* Begin XCBuildConfiguration section */
		71CF11612381F3BD00D6B3C2 /* Debug */ = {
			isa = XCBuildConfiguration;
			buildSettings = {
				ALWAYS_SEARCH_USER_PATHS = NO;
				CLANG_ANALYZER_NONNULL = YES;
				CLANG_ANALYZER_NUMBER_OBJECT_CONVERSION = YES_AGGRESSIVE;
				CLANG_CXX_LANGUAGE_STANDARD = "gnu++14";
				CLANG_CXX_LIBRARY = "libc++";
				CLANG_ENABLE_MODULES = YES;
				CLANG_ENABLE_OBJC_ARC = YES;
				CLANG_ENABLE_OBJC_WEAK = YES;
				CLANG_WARN_BLOCK_CAPTURE_AUTORELEASING = YES;
				CLANG_WARN_BOOL_CONVERSION = YES;
				CLANG_WARN_COMMA = YES;
				CLANG_WARN_CONSTANT_CONVERSION = YES;
				CLANG_WARN_DEPRECATED_OBJC_IMPLEMENTATIONS = YES;
				CLANG_WARN_DIRECT_OBJC_ISA_USAGE = YES_ERROR;
				CLANG_WARN_DOCUMENTATION_COMMENTS = YES;
				CLANG_WARN_EMPTY_BODY = YES;
				CLANG_WARN_ENUM_CONVERSION = YES;
				CLANG_WARN_INFINITE_RECURSION = YES;
				CLANG_WARN_INT_CONVERSION = YES;
				CLANG_WARN_NON_LITERAL_NULL_CONVERSION = YES;
				CLANG_WARN_OBJC_IMPLICIT_RETAIN_SELF = YES;
				CLANG_WARN_OBJC_LITERAL_CONVERSION = YES;
				CLANG_WARN_OBJC_ROOT_CLASS = YES_ERROR;
				CLANG_WARN_RANGE_LOOP_ANALYSIS = YES;
				CLANG_WARN_STRICT_PROTOTYPES = YES;
				CLANG_WARN_SUSPICIOUS_MOVE = YES;
				CLANG_WARN_UNGUARDED_AVAILABILITY = YES_AGGRESSIVE;
				CLANG_WARN_UNREACHABLE_CODE = YES;
				CLANG_WARN__DUPLICATE_METHOD_MATCH = YES;
				COPY_PHASE_STRIP = NO;
				DEBUG_INFORMATION_FORMAT = dwarf;
				ENABLE_STRICT_OBJC_MSGSEND = YES;
				ENABLE_TESTABILITY = YES;
				GCC_C_LANGUAGE_STANDARD = gnu11;
				GCC_DYNAMIC_NO_PIC = NO;
				GCC_NO_COMMON_BLOCKS = YES;
				GCC_OPTIMIZATION_LEVEL = 0;
				GCC_PREPROCESSOR_DEFINITIONS = (
					"DEBUG=1",
					"$(inherited)",
				);
				GCC_WARN_64_TO_32_BIT_CONVERSION = YES;
				GCC_WARN_ABOUT_RETURN_TYPE = YES_ERROR;
				GCC_WARN_UNDECLARED_SELECTOR = YES;
				GCC_WARN_UNINITIALIZED_AUTOS = YES_AGGRESSIVE;
				GCC_WARN_UNUSED_FUNCTION = YES;
				GCC_WARN_UNUSED_VARIABLE = YES;
				MACOSX_DEPLOYMENT_TARGET = 10.15;
				MTL_ENABLE_DEBUG_INFO = INCLUDE_SOURCE;
				MTL_FAST_MATH = YES;
				ONLY_ACTIVE_ARCH = YES;
				SDKROOT = macosx;
				SWIFT_ACTIVE_COMPILATION_CONDITIONS = DEBUG;
				SWIFT_OPTIMIZATION_LEVEL = "-Onone";
			};
			name = Debug;
		};
		71CF11622381F3BD00D6B3C2 /* Release */ = {
			isa = XCBuildConfiguration;
			buildSettings = {
				ALWAYS_SEARCH_USER_PATHS = NO;
				CLANG_ANALYZER_NONNULL = YES;
				CLANG_ANALYZER_NUMBER_OBJECT_CONVERSION = YES_AGGRESSIVE;
				CLANG_CXX_LANGUAGE_STANDARD = "gnu++14";
				CLANG_CXX_LIBRARY = "libc++";
				CLANG_ENABLE_MODULES = YES;
				CLANG_ENABLE_OBJC_ARC = YES;
				CLANG_ENABLE_OBJC_WEAK = YES;
				CLANG_WARN_BLOCK_CAPTURE_AUTORELEASING = YES;
				CLANG_WARN_BOOL_CONVERSION = YES;
				CLANG_WARN_COMMA = YES;
				CLANG_WARN_CONSTANT_CONVERSION = YES;
				CLANG_WARN_DEPRECATED_OBJC_IMPLEMENTATIONS = YES;
				CLANG_WARN_DIRECT_OBJC_ISA_USAGE = YES_ERROR;
				CLANG_WARN_DOCUMENTATION_COMMENTS = YES;
				CLANG_WARN_EMPTY_BODY = YES;
				CLANG_WARN_ENUM_CONVERSION = YES;
				CLANG_WARN_INFINITE_RECURSION = YES;
				CLANG_WARN_INT_CONVERSION = YES;
				CLANG_WARN_NON_LITERAL_NULL_CONVERSION = YES;
				CLANG_WARN_OBJC_IMPLICIT_RETAIN_SELF = YES;
				CLANG_WARN_OBJC_LITERAL_CONVERSION = YES;
				CLANG_WARN_OBJC_ROOT_CLASS = YES_ERROR;
				CLANG_WARN_RANGE_LOOP_ANALYSIS = YES;
				CLANG_WARN_STRICT_PROTOTYPES = YES;
				CLANG_WARN_SUSPICIOUS_MOVE = YES;
				CLANG_WARN_UNGUARDED_AVAILABILITY = YES_AGGRESSIVE;
				CLANG_WARN_UNREACHABLE_CODE = YES;
				CLANG_WARN__DUPLICATE_METHOD_MATCH = YES;
				COPY_PHASE_STRIP = NO;
				DEBUG_INFORMATION_FORMAT = "dwarf-with-dsym";
				ENABLE_NS_ASSERTIONS = NO;
				ENABLE_STRICT_OBJC_MSGSEND = YES;
				GCC_C_LANGUAGE_STANDARD = gnu11;
				GCC_NO_COMMON_BLOCKS = YES;
				GCC_WARN_64_TO_32_BIT_CONVERSION = YES;
				GCC_WARN_ABOUT_RETURN_TYPE = YES_ERROR;
				GCC_WARN_UNDECLARED_SELECTOR = YES;
				GCC_WARN_UNINITIALIZED_AUTOS = YES_AGGRESSIVE;
				GCC_WARN_UNUSED_FUNCTION = YES;
				GCC_WARN_UNUSED_VARIABLE = YES;
				MACOSX_DEPLOYMENT_TARGET = 10.15;
				MTL_ENABLE_DEBUG_INFO = NO;
				MTL_FAST_MATH = YES;
				SDKROOT = macosx;
				SWIFT_COMPILATION_MODE = wholemodule;
				SWIFT_OPTIMIZATION_LEVEL = "-O";
			};
			name = Release;
		};
		71CF11642381F3BD00D6B3C2 /* Debug */ = {
			isa = XCBuildConfiguration;
			buildSettings = {
				ASSETCATALOG_COMPILER_APPICON_NAME = AppIcon;
				CODE_SIGN_ENTITLEMENTS = testProj/testProj.entitlements;
				CODE_SIGN_STYLE = Automatic;
				COMBINE_HIDPI_IMAGES = YES;
				DEVELOPMENT_ASSET_PATHS = "\"testProj/Preview Content\"";
				ENABLE_PREVIEWS = YES;
				INFOPLIST_FILE = testProj/Info.plist;
				LD_RUNPATH_SEARCH_PATHS = (
					"$(inherited)",
					"@executable_path/../Frameworks",
				);
				MACOSX_DEPLOYMENT_TARGET = 10.15;
				PRODUCT_BUNDLE_IDENTIFIER = com.pirklator.testProj;
				PRODUCT_NAME = "$(TARGET_NAME)";
				SWIFT_VERSION = 5.0;
			};
			name = Debug;
		};
		71CF11652381F3BD00D6B3C2 /* Release */ = {
			isa = XCBuildConfiguration;
			buildSettings = {
				ASSETCATALOG_COMPILER_APPICON_NAME = AppIcon;
				CODE_SIGN_ENTITLEMENTS = testProj/testProj.entitlements;
				CODE_SIGN_STYLE = Automatic;
				COMBINE_HIDPI_IMAGES = YES;
				DEVELOPMENT_ASSET_PATHS = "\"testProj/Preview Content\"";
				ENABLE_PREVIEWS = YES;
				INFOPLIST_FILE = testProj/Info.plist;
				LD_RUNPATH_SEARCH_PATHS = (
					"$(inherited)",
					"@executable_path/../Frameworks",
				);
				MACOSX_DEPLOYMENT_TARGET = 10.15;
				PRODUCT_BUNDLE_IDENTIFIER = com.pirklator.testProj;
				PRODUCT_NAME = "$(TARGET_NAME)";
				SWIFT_VERSION = 5.0;
			};
			name = Release;
		};
		71CF11672381F3BD00D6B3C2 /* Debug */ = {
			isa = XCBuildConfiguration;
			buildSettings = {
				ALWAYS_EMBED_SWIFT_STANDARD_LIBRARIES = YES;
				BUNDLE_LOADER = "$(TEST_HOST)";
				CODE_SIGN_STYLE = Automatic;
				COMBINE_HIDPI_IMAGES = YES;
				INFOPLIST_FILE = testProjTests/Info.plist;
				LD_RUNPATH_SEARCH_PATHS = (
					"$(inherited)",
					"@executable_path/../Frameworks",
					"@loader_path/../Frameworks",
				);
				MACOSX_DEPLOYMENT_TARGET = 10.15;
				PRODUCT_BUNDLE_IDENTIFIER = com.pirklator.testProjTests;
				PRODUCT_NAME = "$(TARGET_NAME)";
				SWIFT_VERSION = 5.0;
				TEST_HOST = "$(BUILT_PRODUCTS_DIR)/testProj.app/Contents/MacOS/testProj";
			};
			name = Debug;
		};
		71CF11682381F3BD00D6B3C2 /* Release */ = {
			isa = XCBuildConfiguration;
			buildSettings = {
				ALWAYS_EMBED_SWIFT_STANDARD_LIBRARIES = YES;
				BUNDLE_LOADER = "$(TEST_HOST)";
				CODE_SIGN_STYLE = Automatic;
				COMBINE_HIDPI_IMAGES = YES;
				INFOPLIST_FILE = testProjTests/Info.plist;
				LD_RUNPATH_SEARCH_PATHS = (
					"$(inherited)",
					"@executable_path/../Frameworks",
					"@loader_path/../Frameworks",
				);
				MACOSX_DEPLOYMENT_TARGET = 10.15;
				PRODUCT_BUNDLE_IDENTIFIER = com.pirklator.testProjTests;
				PRODUCT_NAME = "$(TARGET_NAME)";
				SWIFT_VERSION = 5.0;
				TEST_HOST = "$(BUILT_PRODUCTS_DIR)/testProj.app/Contents/MacOS/testProj";
			};
			name = Release;
		};
		71CF116A2381F3BD00D6B3C2 /* Debug */ = {
			isa = XCBuildConfiguration;
			buildSettings = {
				ALWAYS_EMBED_SWIFT_STANDARD_LIBRARIES = YES;
				CODE_SIGN_STYLE = Automatic;
				COMBINE_HIDPI_IMAGES = YES;
				INFOPLIST_FILE = testProjUITests/Info.plist;
				LD_RUNPATH_SEARCH_PATHS = (
					"$(inherited)",
					"@executable_path/../Frameworks",
					"@loader_path/../Frameworks",
				);
				PRODUCT_BUNDLE_IDENTIFIER = com.pirklator.testProjUITests;
				PRODUCT_NAME = "$(TARGET_NAME)";
				SWIFT_VERSION = 5.0;
				TEST_TARGET_NAME = testProj;
			};
			name = Debug;
		};
		71CF116B2381F3BD00D6B3C2 /* Release */ = {
			isa = XCBuildConfiguration;
			buildSettings = {
				ALWAYS_EMBED_SWIFT_STANDARD_LIBRARIES = YES;
				CODE_SIGN_STYLE = Automatic;
				COMBINE_HIDPI_IMAGES = YES;
				INFOPLIST_FILE = testProjUITests/Info.plist;
				LD_RUNPATH_SEARCH_PATHS = (
					"$(inherited)",
					"@executable_path/../Frameworks",
					"@loader_path/../Frameworks",
				);
				PRODUCT_BUNDLE_IDENTIFIER = com.pirklator.testProjUITests;
				PRODUCT_NAME = "$(TARGET_NAME)";
				SWIFT_VERSION = 5.0;
				TEST_TARGET_NAME = testProj;
			};
			name = Release;
		};
/* End XCBuildConfiguration section */

/* Begin XCConfigurationList section */
		71CF11352381F3B900D6B3C2 /* Build configuration list for PBXProject "testProj" */ = {
			isa = XCConfigurationList;
			buildConfigurations = (
				71CF11612381F3BD00D6B3C2 /* Debug */,
				71CF11622381F3BD00D6B3C2 /* Release */,
			);
			defaultConfigurationIsVisible = 0;
			defaultConfigurationName = Release;
		};
		71CF11632381F3BD00D6B3C2 /* Build configuration list for PBXNativeTarget "testProj" */ = {
			isa = XCConfigurationList;
			buildConfigurations = (
				71CF11642381F3BD00D6B3C2 /* Debug */,
				71CF11652381F3BD00D6B3C2 /* Release */,
			);
			defaultConfigurationIsVisible = 0;
			defaultConfigurationName = Release;
		};
		71CF11662381F3BD00D6B3C2 /* Build configuration list for PBXNativeTarget "testProjTests" */ = {
			isa = XCConfigurationList;
			buildConfigurations = (
				71CF11672381F3BD00D6B3C2 /* Debug */,
				71CF11682381F3BD00D6B3C2 /* Release */,
			);
			defaultConfigurationIsVisible = 0;
			defaultConfigurationName = Release;
		};
		71CF11692381F3BD00D6B3C2 /* Build configuration list for PBXNativeTarget "testProjUITests" */ = {
			isa = XCConfigurationList;
			buildConfigurations = (
				71CF116A2381F3BD00D6B3C2 /* Debug */,
				71CF116B2381F3BD00D6B3C2 /* Release */,
			);
			defaultConfigurationIsVisible = 0;
			defaultConfigurationName = Release;
		};
/* End XCConfigurationList section */

/* Begin XCVersionGroup section */
		716A61A8239A0E080071EDB6 /* CoreData.xcdatamodeld */ = {
			isa = XCVersionGroup;
			children = (
				716A61A9239A0E080071EDB6 /* EndpointData.xcdatamodel */,
			);
			currentVersion = 716A61A9239A0E080071EDB6 /* EndpointData.xcdatamodel */;
			path = CoreData.xcdatamodeld;
			sourceTree = "<group>";
			versionGroupType = wrapper.xcdatamodel;
		};
/* End XCVersionGroup section */
	};
	rootObject = 71CF11322381F3B900D6B3C2 /* Project object */;
}
